{
  "name": "triad-harness",
  "version": "0.1.0",
  "lockfileVersion": 3,
  "requires": true,
  "packages": {
    "": {
      "name": "triad-harness",
      "version": "0.1.0",
      "license": "MIT",
      "bin": {
        "triad": "bin/triad.js",
        "triad-harness": "bin/triad.js"
      },
      "engines": {
        "node": ">=18"
      }
    }
  }
}
